
Microsoft Visual Studio Solution File, Format Version 12.00
# Visual Studio 15
VisualStudioVersion = 15.0.26730.10
MinimumVisualStudioVersion = 10.0.40219.1
Project("{FAE04EC0-301F-11D3-BF4B-00C04F79EFBC}") = "AviaTicketParserFromMail", "AviaTicketParserFromMail.csproj", "{ACEC0755-B5C9-4360-B256-E994746A9CD7}"
EndProject
Global
	GlobalSection(SolutionConfigurationPlatforms) = preSolution
		Debug|Any CPU = Debug|Any CPU
		Release|Any CPU = Release|Any CPU
	EndGlobalSection
	GlobalSection(ProjectConfigurationPlatforms) = postSolution
		{ACEC0755-B5C9-4360-B256-E994746A9CD7}.Debug|Any CPU.ActiveCfg = Debug|Any CPU
		{ACEC0755-B5C9-4360-B256-E994746A9CD7}.Debug|Any CPU.Build.0 = Debug|Any CPU
		{ACEC0755-B5C9-4360-B256-E994746A9CD7}.Release|Any CPU.ActiveCfg = Release|Any CPU
		{ACEC0755-B5C9-4360-B256-E994746A9CD7}.Release|Any CPU.Build.0 = Release|Any CPU
	EndGlobalSection
	GlobalSection(SolutionProperties) = preSolution
		HideSolutionNode = FALSE
	EndGlobalSection
	GlobalSection(ExtensibilityGlobals) = postSolution
		SolutionGuid = {791CD9BA-16ED-4727-AF30-A6ED57BA7D55}
	EndGlobalSection
EndGlobal
